
Microsoft Visual Studio Solution File, Format Version 12.00
# Visual Studio Version 17
VisualStudioVersion = 17.6.33723.286
MinimumVisualStudioVersion = 10.0.40219.1
Project("{9A19103F-16F7-4668-BE54-9A1E7A4F7556}") = "Chinook.Domain", "Chinook.Domain\Chinook.Domain.csproj", "{A8A13293-0A31-4D8D-9C23-951A720B8BB4}"
EndProject
Project("{9A19103F-16F7-4668-BE54-9A1E7A4F7556}") = "Chinook.EFCoreData", "Chinook.EFCoreData\Chinook.EFCoreData.csproj", "{DE293AFF-FD0D-47F8-9BAE-269F4B299EEE}"
EndProject
Project("{9A19103F-16F7-4668-BE54-9A1E7A4F7556}") = "Chinook.WebAPI", "Chinook.WebAPI\Chinook.WebAPI.csproj", "{19A277E4-3C37-4D28-A6D3-0CE47AB655DD}"
EndProject
Project("{9A19103F-16F7-4668-BE54-9A1E7A4F7556}") = "Chinook.UnitTests", "Chinook.UnitTests\Chinook.UnitTests.csproj", "{CF0C8A74-97A5-47EA-B619-02A82E9DCD8E}"
EndProject
Project("{9A19103F-16F7-4668-BE54-9A1E7A4F7556}") = "Chinook.IntegrationTests", "Chinook.IntegrationTests\Chinook.IntegrationTests.csproj", "{BCE80AC5-EF2A-4C7A-A9E8-9C5E4AE50EC6}"
EndProject
Project("{9A19103F-16F7-4668-BE54-9A1E7A4F7556}") = "Chinook.gRPC", "Chinook.gRPC\Chinook.gRPC.csproj", "{FAC6B9D8-D163-4351-A66D-B85AA3F37CDB}"
EndProject
Project("{9A19103F-16F7-4668-BE54-9A1E7A4F7556}") = "Chinook.MinAPI", "Chinook.MinAPI\Chinook.MinAPI.csproj", "{C86E0B3A-C7F3-412A-A4E2-10D264C02BEC}"
EndProject
Project("{9A19103F-16F7-4668-BE54-9A1E7A4F7556}") = "Chinook.DapperData", "Chinook.DapperData\Chinook.DapperData.csproj", "{42D2DBCD-6BBB-458F-B394-2A5D3B916F01}"
EndProject
Project("{9A19103F-16F7-4668-BE54-9A1E7A4F7556}") = "Chinook.SQLConnData", "Chinook.SQLConnData\Chinook.SQLConnData.csproj", "{56C90AC8-0948-4FF8-80EB-088E5D0E4B5B}"
EndProject
Project("{9A19103F-16F7-4668-BE54-9A1E7A4F7556}") = "Chinook.EFCoreCmpQryData", "Chinook.EFCoreCmpQryData\Chinook.EFCoreCmpQryData.csproj", "{45F2F067-B32F-4F9B-81DD-A3E9523FA42F}"
EndProject
Project("{9A19103F-16F7-4668-BE54-9A1E7A4F7556}") = "Chinook.FastEndPoints", "Chinook.FastEndPoints\Chinook.FastEndPoints.csproj", "{183B29D4-B3A0-4FD8-BE33-6F952F853C0D}"
EndProject
Project("{9A19103F-16F7-4668-BE54-9A1E7A4F7556}") = "Chinook.APIEndpoints", "Chinook.APIEndpoints\Chinook.APIEndpoints.csproj", "{0F3AF2DC-BE71-4185-A193-AFABCEC5E006}"
EndProject
Project("{2150E333-8FDC-42A3-9474-1A3956D46DE8}") = "API", "API", "{475B9403-A259-44D7-847E-3218710A8737}"
EndProject
Project("{2150E333-8FDC-42A3-9474-1A3956D46DE8}") = "Data", "Data", "{F36D4A5E-0266-4F40-A717-9DE29AFDF4C9}"
EndProject
Project("{2150E333-8FDC-42A3-9474-1A3956D46DE8}") = "Domain", "Domain", "{CFD6F445-259C-405B-BE14-D548E587C88C}"
EndProject
Project("{2150E333-8FDC-42A3-9474-1A3956D46DE8}") = "Tests", "Tests", "{F659963E-5DCA-4DB1-B2B8-461ED402E90F}"
EndProject
Project("{FAE04EC0-301F-11D3-BF4B-00C04F79EFBC}") = "Chinook.GraphQL", "Chinook.GraphQL\Chinook.GraphQL.csproj", "{1FCAB2DA-E5B6-4263-9185-498AD2130B87}"
EndProject
Project("{FAE04EC0-301F-11D3-BF4B-00C04F79EFBC}") = "Chinook.OData", "Chinook.OData\Chinook.OData.csproj", "{9D26DFC7-8AAC-416E-B5A1-A2F188C97D28}"
EndProject
Project("{FAE04EC0-301F-11D3-BF4B-00C04F79EFBC}") = "Chinook.SQLJsonData", "Chinook.SQLJsonData\Chinook.SQLJsonData.csproj", "{9456D7DE-2113-49D6-A5D9-AE8E0C0E0AD4}"
EndProject
Project("{FAE04EC0-301F-11D3-BF4B-00C04F79EFBC}") = "Chinook.DDDAPI", "Chinook.DDDAPI\Chinook.DDDAPI.csproj", "{F9ABF18F-4833-4B2F-BD23-E7ED0979D14A}"
EndProject
Project("{FAE04EC0-301F-11D3-BF4B-00C04F79EFBC}") = "Chinook.FluentMinAPI", "Chinook.FluentMinAPI\Chinook.FluentMinAPI.csproj", "{5796E8A6-E19F-4774-A118-864992996B89}"
EndProject
Global
	GlobalSection(SolutionConfigurationPlatforms) = preSolution
		Debug|Any CPU = Debug|Any CPU
		Release|Any CPU = Release|Any CPU
	EndGlobalSection
	GlobalSection(ProjectConfigurationPlatforms) = postSolution
		{A8A13293-0A31-4D8D-9C23-951A720B8BB4}.Debug|Any CPU.ActiveCfg = Debug|Any CPU
		{A8A13293-0A31-4D8D-9C23-951A720B8BB4}.Debug|Any CPU.Build.0 = Debug|Any CPU
		{A8A13293-0A31-4D8D-9C23-951A720B8BB4}.Release|Any CPU.ActiveCfg = Release|Any CPU
		{A8A13293-0A31-4D8D-9C23-951A720B8BB4}.Release|Any CPU.Build.0 = Release|Any CPU
		{DE293AFF-FD0D-47F8-9BAE-269F4B299EEE}.Debug|Any CPU.ActiveCfg = Debug|Any CPU
		{DE293AFF-FD0D-47F8-9BAE-269F4B299EEE}.Debug|Any CPU.Build.0 = Debug|Any CPU
		{DE293AFF-FD0D-47F8-9BAE-269F4B299EEE}.Release|Any CPU.ActiveCfg = Release|Any CPU
		{DE293AFF-FD0D-47F8-9BAE-269F4B299EEE}.Release|Any CPU.Build.0 = Release|Any CPU
		{19A277E4-3C37-4D28-A6D3-0CE47AB655DD}.Debug|Any CPU.ActiveCfg = Debug|Any CPU
		{19A277E4-3C37-4D28-A6D3-0CE47AB655DD}.Debug|Any CPU.Build.0 = Debug|Any CPU
		{19A277E4-3C37-4D28-A6D3-0CE47AB655DD}.Release|Any CPU.ActiveCfg = Release|Any CPU
		{19A277E4-3C37-4D28-A6D3-0CE47AB655DD}.Release|Any CPU.Build.0 = Release|Any CPU
		{CF0C8A74-97A5-47EA-B619-02A82E9DCD8E}.Debug|Any CPU.ActiveCfg = Debug|Any CPU
		{CF0C8A74-97A5-47EA-B619-02A82E9DCD8E}.Debug|Any CPU.Build.0 = Debug|Any CPU
		{CF0C8A74-97A5-47EA-B619-02A82E9DCD8E}.Release|Any CPU.ActiveCfg = Release|Any CPU
		{CF0C8A74-97A5-47EA-B619-02A82E9DCD8E}.Release|Any CPU.Build.0 = Release|Any CPU
		{BCE80AC5-EF2A-4C7A-A9E8-9C5E4AE50EC6}.Debug|Any CPU.ActiveCfg = Debug|Any CPU
		{BCE80AC5-EF2A-4C7A-A9E8-9C5E4AE50EC6}.Debug|Any CPU.Build.0 = Debug|Any CPU
		{BCE80AC5-EF2A-4C7A-A9E8-9C5E4AE50EC6}.Release|Any CPU.ActiveCfg = Release|Any CPU
		{BCE80AC5-EF2A-4C7A-A9E8-9C5E4AE50EC6}.Release|Any CPU.Build.0 = Release|Any CPU
		{FAC6B9D8-D163-4351-A66D-B85AA3F37CDB}.Debug|Any CPU.ActiveCfg = Debug|Any CPU
		{FAC6B9D8-D163-4351-A66D-B85AA3F37CDB}.Debug|Any CPU.Build.0 = Debug|Any CPU
		{FAC6B9D8-D163-4351-A66D-B85AA3F37CDB}.Release|Any CPU.ActiveCfg = Release|Any CPU
		{FAC6B9D8-D163-4351-A66D-B85AA3F37CDB}.Release|Any CPU.Build.0 = Release|Any CPU
		{C86E0B3A-C7F3-412A-A4E2-10D264C02BEC}.Debug|Any CPU.ActiveCfg = Debug|Any CPU
		{C86E0B3A-C7F3-412A-A4E2-10D264C02BEC}.Debug|Any CPU.Build.0 = Debug|Any CPU
		{C86E0B3A-C7F3-412A-A4E2-10D264C02BEC}.Release|Any CPU.ActiveCfg = Release|Any CPU
		{C86E0B3A-C7F3-412A-A4E2-10D264C02BEC}.Release|Any CPU.Build.0 = Release|Any CPU
		{42D2DBCD-6BBB-458F-B394-2A5D3B916F01}.Debug|Any CPU.ActiveCfg = Debug|Any CPU
		{42D2DBCD-6BBB-458F-B394-2A5D3B916F01}.Debug|Any CPU.Build.0 = Debug|Any CPU
		{42D2DBCD-6BBB-458F-B394-2A5D3B916F01}.Release|Any CPU.ActiveCfg = Release|Any CPU
		{42D2DBCD-6BBB-458F-B394-2A5D3B916F01}.Release|Any CPU.Build.0 = Release|Any CPU
		{56C90AC8-0948-4FF8-80EB-088E5D0E4B5B}.Debug|Any CPU.ActiveCfg = Debug|Any CPU
		{56C90AC8-0948-4FF8-80EB-088E5D0E4B5B}.Debug|Any CPU.Build.0 = Debug|Any CPU
		{56C90AC8-0948-4FF8-80EB-088E5D0E4B5B}.Release|Any CPU.ActiveCfg = Release|Any CPU
		{56C90AC8-0948-4FF8-80EB-088E5D0E4B5B}.Release|Any CPU.Build.0 = Release|Any CPU
		{45F2F067-B32F-4F9B-81DD-A3E9523FA42F}.Debug|Any CPU.ActiveCfg = Debug|Any CPU
		{45F2F067-B32F-4F9B-81DD-A3E9523FA42F}.Debug|Any CPU.Build.0 = Debug|Any CPU
		{45F2F067-B32F-4F9B-81DD-A3E9523FA42F}.Release|Any CPU.ActiveCfg = Release|Any CPU
		{45F2F067-B32F-4F9B-81DD-A3E9523FA42F}.Release|Any CPU.Build.0 = Release|Any CPU
		{183B29D4-B3A0-4FD8-BE33-6F952F853C0D}.Debug|Any CPU.ActiveCfg = Debug|Any CPU
		{183B29D4-B3A0-4FD8-BE33-6F952F853C0D}.Debug|Any CPU.Build.0 = Debug|Any CPU
		{183B29D4-B3A0-4FD8-BE33-6F952F853C0D}.Release|Any CPU.ActiveCfg = Release|Any CPU
		{183B29D4-B3A0-4FD8-BE33-6F952F853C0D}.Release|Any CPU.Build.0 = Release|Any CPU
		{0F3AF2DC-BE71-4185-A193-AFABCEC5E006}.Debug|Any CPU.ActiveCfg = Debug|Any CPU
		{0F3AF2DC-BE71-4185-A193-AFABCEC5E006}.Debug|Any CPU.Build.0 = Debug|Any CPU
		{0F3AF2DC-BE71-4185-A193-AFABCEC5E006}.Release|Any CPU.ActiveCfg = Release|Any CPU
		{0F3AF2DC-BE71-4185-A193-AFABCEC5E006}.Release|Any CPU.Build.0 = Release|Any CPU
		{1FCAB2DA-E5B6-4263-9185-498AD2130B87}.Debug|Any CPU.ActiveCfg = Debug|Any CPU
		{1FCAB2DA-E5B6-4263-9185-498AD2130B87}.Debug|Any CPU.Build.0 = Debug|Any CPU
		{1FCAB2DA-E5B6-4263-9185-498AD2130B87}.Release|Any CPU.ActiveCfg = Release|Any CPU
		{1FCAB2DA-E5B6-4263-9185-498AD2130B87}.Release|Any CPU.Build.0 = Release|Any CPU
		{9D26DFC7-8AAC-416E-B5A1-A2F188C97D28}.Debug|Any CPU.ActiveCfg = Debug|Any CPU
		{9D26DFC7-8AAC-416E-B5A1-A2F188C97D28}.Debug|Any CPU.Build.0 = Debug|Any CPU
		{9D26DFC7-8AAC-416E-B5A1-A2F188C97D28}.Release|Any CPU.ActiveCfg = Release|Any CPU
		{9D26DFC7-8AAC-416E-B5A1-A2F188C97D28}.Release|Any CPU.Build.0 = Release|Any CPU
		{9456D7DE-2113-49D6-A5D9-AE8E0C0E0AD4}.Debug|Any CPU.ActiveCfg = Debug|Any CPU
		{9456D7DE-2113-49D6-A5D9-AE8E0C0E0AD4}.Debug|Any CPU.Build.0 = Debug|Any CPU
		{9456D7DE-2113-49D6-A5D9-AE8E0C0E0AD4}.Release|Any CPU.ActiveCfg = Release|Any CPU
		{9456D7DE-2113-49D6-A5D9-AE8E0C0E0AD4}.Release|Any CPU.Build.0 = Release|Any CPU
		{F9ABF18F-4833-4B2F-BD23-E7ED0979D14A}.Debug|Any CPU.ActiveCfg = Debug|Any CPU
		{F9ABF18F-4833-4B2F-BD23-E7ED0979D14A}.Debug|Any CPU.Build.0 = Debug|Any CPU
		{F9ABF18F-4833-4B2F-BD23-E7ED0979D14A}.Release|Any CPU.ActiveCfg = Release|Any CPU
		{F9ABF18F-4833-4B2F-BD23-E7ED0979D14A}.Release|Any CPU.Build.0 = Release|Any CPU
		{5796E8A6-E19F-4774-A118-864992996B89}.Debug|Any CPU.ActiveCfg = Debug|Any CPU
		{5796E8A6-E19F-4774-A118-864992996B89}.Debug|Any CPU.Build.0 = Debug|Any CPU
		{5796E8A6-E19F-4774-A118-864992996B89}.Release|Any CPU.ActiveCfg = Release|Any CPU
		{5796E8A6-E19F-4774-A118-864992996B89}.Release|Any CPU.Build.0 = Release|Any CPU
	EndGlobalSection
	GlobalSection(SolutionProperties) = preSolution
		HideSolutionNode = FALSE
	EndGlobalSection
	GlobalSection(NestedProjects) = preSolution
		{A8A13293-0A31-4D8D-9C23-951A720B8BB4} = {CFD6F445-259C-405B-BE14-D548E587C88C}
		{DE293AFF-FD0D-47F8-9BAE-269F4B299EEE} = {F36D4A5E-0266-4F40-A717-9DE29AFDF4C9}
		{19A277E4-3C37-4D28-A6D3-0CE47AB655DD} = {475B9403-A259-44D7-847E-3218710A8737}
		{CF0C8A74-97A5-47EA-B619-02A82E9DCD8E} = {F659963E-5DCA-4DB1-B2B8-461ED402E90F}
		{BCE80AC5-EF2A-4C7A-A9E8-9C5E4AE50EC6} = {F659963E-5DCA-4DB1-B2B8-461ED402E90F}
		{FAC6B9D8-D163-4351-A66D-B85AA3F37CDB} = {475B9403-A259-44D7-847E-3218710A8737}
		{C86E0B3A-C7F3-412A-A4E2-10D264C02BEC} = {475B9403-A259-44D7-847E-3218710A8737}
		{42D2DBCD-6BBB-458F-B394-2A5D3B916F01} = {F36D4A5E-0266-4F40-A717-9DE29AFDF4C9}
		{56C90AC8-0948-4FF8-80EB-088E5D0E4B5B} = {F36D4A5E-0266-4F40-A717-9DE29AFDF4C9}
		{45F2F067-B32F-4F9B-81DD-A3E9523FA42F} = {F36D4A5E-0266-4F40-A717-9DE29AFDF4C9}
		{183B29D4-B3A0-4FD8-BE33-6F952F853C0D} = {475B9403-A259-44D7-847E-3218710A8737}
		{0F3AF2DC-BE71-4185-A193-AFABCEC5E006} = {475B9403-A259-44D7-847E-3218710A8737}
		{1FCAB2DA-E5B6-4263-9185-498AD2130B87} = {475B9403-A259-44D7-847E-3218710A8737}
		{9D26DFC7-8AAC-416E-B5A1-A2F188C97D28} = {475B9403-A259-44D7-847E-3218710A8737}
		{9456D7DE-2113-49D6-A5D9-AE8E0C0E0AD4} = {F36D4A5E-0266-4F40-A717-9DE29AFDF4C9}
		{F9ABF18F-4833-4B2F-BD23-E7ED0979D14A} = {475B9403-A259-44D7-847E-3218710A8737}
		{5796E8A6-E19F-4774-A118-864992996B89} = {475B9403-A259-44D7-847E-3218710A8737}
	EndGlobalSection
	GlobalSection(ExtensibilityGlobals) = postSolution
		SolutionGuid = {A77BE8B8-3D59-4AD2-B20F-1666E2ADC864}
	EndGlobalSection
EndGlobal
